
Microsoft Visual Studio Solution File, Format Version 12.00
# Visual Studio Version 17
VisualStudioVersion = 17.10.35004.147
MinimumVisualStudioVersion = 10.0.40219.1
Project("{9A19103F-16F7-4668-BE54-9A1E7A4F7556}") = "UserAccessManagement.Domain", "src\UserAccessManagement.Domain\UserAccessManagement.Domain.csproj", "{3A5063B8-E7A7-4528-B2E3-EC14D2729D09}"
EndProject
Project("{9A19103F-16F7-4668-BE54-9A1E7A4F7556}") = "UserAccessManagement.UserService", "src\UserAccessManagement.UserService\UserAccessManagement.UserService.csproj", "{8D475CEC-AB55-4C11-89F4-61EBE71CF2F3}"
EndProject
Project("{2150E333-8FDC-42A3-9474-1A3956D46DE8}") = "Domain", "Domain", "{4A65ACF3-0CA2-43FC-90EE-4DEFC19A0DA9}"
EndProject
Project("{2150E333-8FDC-42A3-9474-1A3956D46DE8}") = "Services", "Services", "{39DD13F1-AF80-4FE5-B9C1-7902BB19D72E}"
EndProject
Project("{2150E333-8FDC-42A3-9474-1A3956D46DE8}") = "src", "src", "{6CD2D65D-0B07-4065-B26B-71AA99244460}"
EndProject
Project("{2150E333-8FDC-42A3-9474-1A3956D46DE8}") = "test", "test", "{EBC3E90B-ECEF-4BF9-9100-BE0C43A65127}"
EndProject
Project("{2150E333-8FDC-42A3-9474-1A3956D46DE8}") = "Services", "Services", "{A18FE169-F076-491F-9916-3ACDCB4311EE}"
EndProject
Project("{9A19103F-16F7-4668-BE54-9A1E7A4F7556}") = "UserAccessManagement.UserService.Tests", "test\UserAccessManagement.UserService.Tests\UserAccessManagement.UserService.Tests.csproj", "{A37C3CAE-9F78-48D4-A26D-81FB4CAA53EB}"
EndProject
Project("{9A19103F-16F7-4668-BE54-9A1E7A4F7556}") = "UserAccessManagement.EmployerService", "src\UserAccessManagement.EmployerService\UserAccessManagement.EmployerService.csproj", "{86AE6182-0F28-461A-9AC4-F8526E657154}"
EndProject
Project("{9A19103F-16F7-4668-BE54-9A1E7A4F7556}") = "UserAccessManagement.EmployerService.Tests", "test\UserAccessManagement.EmployerService.Tests\UserAccessManagement.EmployerService.Tests.csproj", "{030F9E3A-DFE8-4CF1-97C6-9E47C4A172ED}"
EndProject
Project("{2150E333-8FDC-42A3-9474-1A3956D46DE8}") = "API", "API", "{0E01FA94-CC93-4A30-9196-ECA6C3A128A0}"
EndProject
Project("{9A19103F-16F7-4668-BE54-9A1E7A4F7556}") = "UserAccessManagement.API", "src\UserAccessManagement.API\UserAccessManagement.API.csproj", "{F06FB95B-7FC7-4B3B-8462-4A44178F276E}"
EndProject
Project("{E53339B2-1760-4266-BCC7-CA923CBCF16C}") = "docker-compose", "docker-compose.dcproj", "{4D8FD89B-B61E-468D-B339-F767E1D089A1}"
EndProject
Project("{2150E333-8FDC-42A3-9474-1A3956D46DE8}") = "Infrastructure", "Infrastructure", "{3CB91A61-1CFF-460A-B455-9B2071190CBB}"
EndProject
Project("{9A19103F-16F7-4668-BE54-9A1E7A4F7556}") = "UserAccessManagement.Infrastructure.Data", "src\UserAccessManagement.Infrastructure\UserAccessManagement.Infrastructure.Data.csproj", "{C970CB4B-6207-4B8D-8C2E-2069EB7E802D}"
EndProject
Project("{2150E333-8FDC-42A3-9474-1A3956D46DE8}") = "Application", "Application", "{508E5F0F-D8BF-41D1-BDD3-793B587BBCE6}"
EndProject
Project("{FAE04EC0-301F-11D3-BF4B-00C04F79EFBC}") = "UserAccessManagement.Application", "src\UserAccessManagement.Application\UserAccessManagement.Application.csproj", "{1B263EF8-BC06-48C0-8A22-96F059EDEF0A}"
EndProject
Project("{2150E333-8FDC-42A3-9474-1A3956D46DE8}") = "BackgroundTask", "BackgroundTask", "{754E16C0-FDD5-4B93-87CD-7FB39C0237AF}"
EndProject
Project("{FAE04EC0-301F-11D3-BF4B-00C04F79EFBC}") = "UserAccessManagement.BackgroundTask", "src\UserAccessManagement.BackgroundTask\UserAccessManagement.BackgroundTask.csproj", "{36AACAC0-3F0F-410C-9674-12CAF542D156}"
EndProject
Global
	GlobalSection(SolutionConfigurationPlatforms) = preSolution
		Debug|Any CPU = Debug|Any CPU
		Release|Any CPU = Release|Any CPU
	EndGlobalSection
	GlobalSection(ProjectConfigurationPlatforms) = postSolution
		{3A5063B8-E7A7-4528-B2E3-EC14D2729D09}.Debug|Any CPU.ActiveCfg = Debug|Any CPU
		{3A5063B8-E7A7-4528-B2E3-EC14D2729D09}.Debug|Any CPU.Build.0 = Debug|Any CPU
		{3A5063B8-E7A7-4528-B2E3-EC14D2729D09}.Release|Any CPU.ActiveCfg = Release|Any CPU
		{3A5063B8-E7A7-4528-B2E3-EC14D2729D09}.Release|Any CPU.Build.0 = Release|Any CPU
		{8D475CEC-AB55-4C11-89F4-61EBE71CF2F3}.Debug|Any CPU.ActiveCfg = Debug|Any CPU
		{8D475CEC-AB55-4C11-89F4-61EBE71CF2F3}.Debug|Any CPU.Build.0 = Debug|Any CPU
		{8D475CEC-AB55-4C11-89F4-61EBE71CF2F3}.Release|Any CPU.ActiveCfg = Release|Any CPU
		{8D475CEC-AB55-4C11-89F4-61EBE71CF2F3}.Release|Any CPU.Build.0 = Release|Any CPU
		{A37C3CAE-9F78-48D4-A26D-81FB4CAA53EB}.Debug|Any CPU.ActiveCfg = Debug|Any CPU
		{A37C3CAE-9F78-48D4-A26D-81FB4CAA53EB}.Debug|Any CPU.Build.0 = Debug|Any CPU
		{A37C3CAE-9F78-48D4-A26D-81FB4CAA53EB}.Release|Any CPU.ActiveCfg = Release|Any CPU
		{A37C3CAE-9F78-48D4-A26D-81FB4CAA53EB}.Release|Any CPU.Build.0 = Release|Any CPU
		{86AE6182-0F28-461A-9AC4-F8526E657154}.Debug|Any CPU.ActiveCfg = Debug|Any CPU
		{86AE6182-0F28-461A-9AC4-F8526E657154}.Debug|Any CPU.Build.0 = Debug|Any CPU
		{86AE6182-0F28-461A-9AC4-F8526E657154}.Release|Any CPU.ActiveCfg = Release|Any CPU
		{86AE6182-0F28-461A-9AC4-F8526E657154}.Release|Any CPU.Build.0 = Release|Any CPU
		{030F9E3A-DFE8-4CF1-97C6-9E47C4A172ED}.Debug|Any CPU.ActiveCfg = Debug|Any CPU
		{030F9E3A-DFE8-4CF1-97C6-9E47C4A172ED}.Debug|Any CPU.Build.0 = Debug|Any CPU
		{030F9E3A-DFE8-4CF1-97C6-9E47C4A172ED}.Release|Any CPU.ActiveCfg = Release|Any CPU
		{030F9E3A-DFE8-4CF1-97C6-9E47C4A172ED}.Release|Any CPU.Build.0 = Release|Any CPU
		{F06FB95B-7FC7-4B3B-8462-4A44178F276E}.Debug|Any CPU.ActiveCfg = Debug|Any CPU
		{F06FB95B-7FC7-4B3B-8462-4A44178F276E}.Debug|Any CPU.Build.0 = Debug|Any CPU
		{F06FB95B-7FC7-4B3B-8462-4A44178F276E}.Release|Any CPU.ActiveCfg = Release|Any CPU
		{F06FB95B-7FC7-4B3B-8462-4A44178F276E}.Release|Any CPU.Build.0 = Release|Any CPU
		{4D8FD89B-B61E-468D-B339-F767E1D089A1}.Debug|Any CPU.ActiveCfg = Debug|Any CPU
		{4D8FD89B-B61E-468D-B339-F767E1D089A1}.Debug|Any CPU.Build.0 = Debug|Any CPU
		{4D8FD89B-B61E-468D-B339-F767E1D089A1}.Release|Any CPU.ActiveCfg = Release|Any CPU
		{4D8FD89B-B61E-468D-B339-F767E1D089A1}.Release|Any CPU.Build.0 = Release|Any CPU
		{C970CB4B-6207-4B8D-8C2E-2069EB7E802D}.Debug|Any CPU.ActiveCfg = Debug|Any CPU
		{C970CB4B-6207-4B8D-8C2E-2069EB7E802D}.Debug|Any CPU.Build.0 = Debug|Any CPU
		{C970CB4B-6207-4B8D-8C2E-2069EB7E802D}.Release|Any CPU.ActiveCfg = Release|Any CPU
		{C970CB4B-6207-4B8D-8C2E-2069EB7E802D}.Release|Any CPU.Build.0 = Release|Any CPU
		{1B263EF8-BC06-48C0-8A22-96F059EDEF0A}.Debug|Any CPU.ActiveCfg = Debug|Any CPU
		{1B263EF8-BC06-48C0-8A22-96F059EDEF0A}.Debug|Any CPU.Build.0 = Debug|Any CPU
		{1B263EF8-BC06-48C0-8A22-96F059EDEF0A}.Release|Any CPU.ActiveCfg = Release|Any CPU
		{1B263EF8-BC06-48C0-8A22-96F059EDEF0A}.Release|Any CPU.Build.0 = Release|Any CPU
		{36AACAC0-3F0F-410C-9674-12CAF542D156}.Debug|Any CPU.ActiveCfg = Debug|Any CPU
		{36AACAC0-3F0F-410C-9674-12CAF542D156}.Debug|Any CPU.Build.0 = Debug|Any CPU
		{36AACAC0-3F0F-410C-9674-12CAF542D156}.Release|Any CPU.ActiveCfg = Release|Any CPU
		{36AACAC0-3F0F-410C-9674-12CAF542D156}.Release|Any CPU.Build.0 = Release|Any CPU
	EndGlobalSection
	GlobalSection(SolutionProperties) = preSolution
		HideSolutionNode = FALSE
	EndGlobalSection
	GlobalSection(NestedProjects) = preSolution
		{3A5063B8-E7A7-4528-B2E3-EC14D2729D09} = {4A65ACF3-0CA2-43FC-90EE-4DEFC19A0DA9}
		{8D475CEC-AB55-4C11-89F4-61EBE71CF2F3} = {39DD13F1-AF80-4FE5-B9C1-7902BB19D72E}
		{4A65ACF3-0CA2-43FC-90EE-4DEFC19A0DA9} = {6CD2D65D-0B07-4065-B26B-71AA99244460}
		{39DD13F1-AF80-4FE5-B9C1-7902BB19D72E} = {6CD2D65D-0B07-4065-B26B-71AA99244460}
		{A18FE169-F076-491F-9916-3ACDCB4311EE} = {EBC3E90B-ECEF-4BF9-9100-BE0C43A65127}
		{A37C3CAE-9F78-48D4-A26D-81FB4CAA53EB} = {A18FE169-F076-491F-9916-3ACDCB4311EE}
		{86AE6182-0F28-461A-9AC4-F8526E657154} = {39DD13F1-AF80-4FE5-B9C1-7902BB19D72E}
		{030F9E3A-DFE8-4CF1-97C6-9E47C4A172ED} = {A18FE169-F076-491F-9916-3ACDCB4311EE}
		{0E01FA94-CC93-4A30-9196-ECA6C3A128A0} = {6CD2D65D-0B07-4065-B26B-71AA99244460}
		{F06FB95B-7FC7-4B3B-8462-4A44178F276E} = {0E01FA94-CC93-4A30-9196-ECA6C3A128A0}
		{3CB91A61-1CFF-460A-B455-9B2071190CBB} = {6CD2D65D-0B07-4065-B26B-71AA99244460}
		{C970CB4B-6207-4B8D-8C2E-2069EB7E802D} = {3CB91A61-1CFF-460A-B455-9B2071190CBB}
		{508E5F0F-D8BF-41D1-BDD3-793B587BBCE6} = {6CD2D65D-0B07-4065-B26B-71AA99244460}
		{1B263EF8-BC06-48C0-8A22-96F059EDEF0A} = {508E5F0F-D8BF-41D1-BDD3-793B587BBCE6}
		{754E16C0-FDD5-4B93-87CD-7FB39C0237AF} = {6CD2D65D-0B07-4065-B26B-71AA99244460}
		{36AACAC0-3F0F-410C-9674-12CAF542D156} = {754E16C0-FDD5-4B93-87CD-7FB39C0237AF}
	EndGlobalSection
	GlobalSection(ExtensibilityGlobals) = postSolution
		SolutionGuid = {81910E7B-DD79-4D2E-B2DB-BA35533BA185}
	EndGlobalSection
EndGlobal
