
Microsoft Visual Studio Solution File, Format Version 12.00
Project("{FAE04EC0-301F-11D3-BF4B-00C04F79EFBC}") = "Origin.API", "Origin.API\Origin.API.csproj", "{E77A8BD7-36BD-4DED-9B12-35E95F806B26}"
EndProject
Project("{2150E333-8FDC-42A3-9474-1A3956D46DE8}") = "Solution Items", "Solution Items", "{8A27C65F-9BCE-494E-A84E-3FA812EA8A8D}"
	ProjectSection(SolutionItems) = preProject
		docker-compose.yml = docker-compose.yml
		Makefile = Makefile
	EndProjectSection
EndProject
Project("{FAE04EC0-301F-11D3-BF4B-00C04F79EFBC}") = "Domain", "Domain\Domain.csproj", "{FFBA3C8D-EE88-4A22-9B2F-D824D38C1BC2}"
EndProject
Project("{FAE04EC0-301F-11D3-BF4B-00C04F79EFBC}") = "Application", "Application\Application.csproj", "{BB9183E0-4282-478E-9E3F-07A916F27D70}"
EndProject
Project("{FAE04EC0-301F-11D3-BF4B-00C04F79EFBC}") = "Infrastructure", "Infrastructure\Infrastructure.csproj", "{AC5BF5A2-57E0-451D-9B5C-B34FB466DC4A}"
EndProject
Project("{2150E333-8FDC-42A3-9474-1A3956D46DE8}") = "Tests", "Tests", "{0A7E0C23-9879-4D45-BBDF-DF8E85DB350C}"
EndProject
Project("{FAE04EC0-301F-11D3-BF4B-00C04F79EFBC}") = "Application.Tests", "Application.Tests\Application.Tests.csproj", "{64D3801E-872F-4B0F-8C59-94647D59F973}"
EndProject
Project("{FAE04EC0-301F-11D3-BF4B-00C04F79EFBC}") = "Infrastructure.Tests", "Infrastructure.Tests\Infrastructure.Tests.csproj", "{8A362128-03FF-4994-9864-58E88AFAEC75}"
EndProject
Global
	GlobalSection(SolutionConfigurationPlatforms) = preSolution
		Debug|Any CPU = Debug|Any CPU
		Release|Any CPU = Release|Any CPU
	EndGlobalSection
	GlobalSection(ProjectConfigurationPlatforms) = postSolution
		{E77A8BD7-36BD-4DED-9B12-35E95F806B26}.Debug|Any CPU.ActiveCfg = Debug|Any CPU
		{E77A8BD7-36BD-4DED-9B12-35E95F806B26}.Debug|Any CPU.Build.0 = Debug|Any CPU
		{E77A8BD7-36BD-4DED-9B12-35E95F806B26}.Release|Any CPU.ActiveCfg = Release|Any CPU
		{E77A8BD7-36BD-4DED-9B12-35E95F806B26}.Release|Any CPU.Build.0 = Release|Any CPU
		{FFBA3C8D-EE88-4A22-9B2F-D824D38C1BC2}.Debug|Any CPU.ActiveCfg = Debug|Any CPU
		{FFBA3C8D-EE88-4A22-9B2F-D824D38C1BC2}.Debug|Any CPU.Build.0 = Debug|Any CPU
		{FFBA3C8D-EE88-4A22-9B2F-D824D38C1BC2}.Release|Any CPU.ActiveCfg = Release|Any CPU
		{FFBA3C8D-EE88-4A22-9B2F-D824D38C1BC2}.Release|Any CPU.Build.0 = Release|Any CPU
		{BB9183E0-4282-478E-9E3F-07A916F27D70}.Debug|Any CPU.ActiveCfg = Debug|Any CPU
		{BB9183E0-4282-478E-9E3F-07A916F27D70}.Debug|Any CPU.Build.0 = Debug|Any CPU
		{BB9183E0-4282-478E-9E3F-07A916F27D70}.Release|Any CPU.ActiveCfg = Release|Any CPU
		{BB9183E0-4282-478E-9E3F-07A916F27D70}.Release|Any CPU.Build.0 = Release|Any CPU
		{AC5BF5A2-57E0-451D-9B5C-B34FB466DC4A}.Debug|Any CPU.ActiveCfg = Debug|Any CPU
		{AC5BF5A2-57E0-451D-9B5C-B34FB466DC4A}.Debug|Any CPU.Build.0 = Debug|Any CPU
		{AC5BF5A2-57E0-451D-9B5C-B34FB466DC4A}.Release|Any CPU.ActiveCfg = Release|Any CPU
		{AC5BF5A2-57E0-451D-9B5C-B34FB466DC4A}.Release|Any CPU.Build.0 = Release|Any CPU
		{64D3801E-872F-4B0F-8C59-94647D59F973}.Debug|Any CPU.ActiveCfg = Debug|Any CPU
		{64D3801E-872F-4B0F-8C59-94647D59F973}.Debug|Any CPU.Build.0 = Debug|Any CPU
		{64D3801E-872F-4B0F-8C59-94647D59F973}.Release|Any CPU.ActiveCfg = Release|Any CPU
		{64D3801E-872F-4B0F-8C59-94647D59F973}.Release|Any CPU.Build.0 = Release|Any CPU
		{8A362128-03FF-4994-9864-58E88AFAEC75}.Debug|Any CPU.ActiveCfg = Debug|Any CPU
		{8A362128-03FF-4994-9864-58E88AFAEC75}.Debug|Any CPU.Build.0 = Debug|Any CPU
		{8A362128-03FF-4994-9864-58E88AFAEC75}.Release|Any CPU.ActiveCfg = Release|Any CPU
		{8A362128-03FF-4994-9864-58E88AFAEC75}.Release|Any CPU.Build.0 = Release|Any CPU
	EndGlobalSection
	GlobalSection(NestedProjects) = preSolution
		{64D3801E-872F-4B0F-8C59-94647D59F973} = {0A7E0C23-9879-4D45-BBDF-DF8E85DB350C}
		{8A362128-03FF-4994-9864-58E88AFAEC75} = {0A7E0C23-9879-4D45-BBDF-DF8E85DB350C}
	EndGlobalSection
EndGlobal
